
Microsoft Visual Studio Solution File, Format Version 12.00
# Visual Studio Version 17
VisualStudioVersion = 17.10.35004.147
MinimumVisualStudioVersion = 10.0.40219.1
Project("{9A19103F-16F7-4668-BE54-9A1E7A4F7556}") = "Client", "Client\Client.csproj", "{370A8232-8728-4637-8383-BCFFE21E68EA}"
EndProject
Project("{9A19103F-16F7-4668-BE54-9A1E7A4F7556}") = "Data", "Data\Data.csproj", "{49D2AEC4-362E-4DB1-83BE-BB9ABE60FD44}"
EndProject
Project("{9A19103F-16F7-4668-BE54-9A1E7A4F7556}") = "Api", "Api\Api.csproj", "{3295A6DA-1D41-407C-A969-5B34EC6F4C16}"
EndProject
Project("{FAE04EC0-301F-11D3-BF4B-00C04F79EFBC}") = "Test", "Test\Test.csproj", "{570DE76A-58DC-471C-B45E-E66451A06E5D}"
EndProject
Global
	GlobalSection(SolutionConfigurationPlatforms) = preSolution
		Debug|Any CPU = Debug|Any CPU
		Release|Any CPU = Release|Any CPU
	EndGlobalSection
	GlobalSection(ProjectConfigurationPlatforms) = postSolution
		{370A8232-8728-4637-8383-BCFFE21E68EA}.Debug|Any CPU.ActiveCfg = Debug|Any CPU
		{370A8232-8728-4637-8383-BCFFE21E68EA}.Debug|Any CPU.Build.0 = Debug|Any CPU
		{370A8232-8728-4637-8383-BCFFE21E68EA}.Release|Any CPU.ActiveCfg = Release|Any CPU
		{370A8232-8728-4637-8383-BCFFE21E68EA}.Release|Any CPU.Build.0 = Release|Any CPU
		{49D2AEC4-362E-4DB1-83BE-BB9ABE60FD44}.Debug|Any CPU.ActiveCfg = Debug|Any CPU
		{49D2AEC4-362E-4DB1-83BE-BB9ABE60FD44}.Debug|Any CPU.Build.0 = Debug|Any CPU
		{49D2AEC4-362E-4DB1-83BE-BB9ABE60FD44}.Release|Any CPU.ActiveCfg = Release|Any CPU
		{49D2AEC4-362E-4DB1-83BE-BB9ABE60FD44}.Release|Any CPU.Build.0 = Release|Any CPU
		{3295A6DA-1D41-407C-A969-5B34EC6F4C16}.Debug|Any CPU.ActiveCfg = Debug|Any CPU
		{3295A6DA-1D41-407C-A969-5B34EC6F4C16}.Debug|Any CPU.Build.0 = Debug|Any CPU
		{3295A6DA-1D41-407C-A969-5B34EC6F4C16}.Release|Any CPU.ActiveCfg = Release|Any CPU
		{3295A6DA-1D41-407C-A969-5B34EC6F4C16}.Release|Any CPU.Build.0 = Release|Any CPU
		{570DE76A-58DC-471C-B45E-E66451A06E5D}.Debug|Any CPU.ActiveCfg = Debug|Any CPU
		{570DE76A-58DC-471C-B45E-E66451A06E5D}.Debug|Any CPU.Build.0 = Debug|Any CPU
		{570DE76A-58DC-471C-B45E-E66451A06E5D}.Release|Any CPU.ActiveCfg = Release|Any CPU
		{570DE76A-58DC-471C-B45E-E66451A06E5D}.Release|Any CPU.Build.0 = Release|Any CPU
	EndGlobalSection
	GlobalSection(SolutionProperties) = preSolution
		HideSolutionNode = FALSE
	EndGlobalSection
	GlobalSection(ExtensibilityGlobals) = postSolution
		SolutionGuid = {08FAA2AB-7498-4868-B094-38BDBB430CE6}
	EndGlobalSection
EndGlobal
